{
  "name": "arrow",
  "version": "1.0.0",
  "lockfileVersion": 3,
  "requires": true,
  "packages": {
    "": {
      "name": "arrow",
      "version": "1.0.0",
      "license": "ISC",
      "dependencies": {
        "apache-arrow": "^14.0.1"
      }
    },
    "node_modules/@75lb/deep-merge": {
      "version": "1.1.1",
      "license": "MIT",
      "dependencies": {
        "lodash.assignwith": "^4.2.0",
        "typical": "^7.1.1"
      },
      "engines": {
        "node": ">=12.17"
      }
    },
    "node_modules/@75lb/deep-merge/node_modules/typical": {
      "version": "7.1.1",
      "license": "MIT",
      "engines": {
        "node": ">=12.17"
      }
    },
    "node_modules/@types/command-line-args": {
      "version": "5.2.0",
      "license": "MIT"
    },
    "node_modules/@types/command-line-usage": {
      "version": "5.0.2",
      "license": "MIT"
    },
    "node_modules/@types/node": {
      "version": "20.3.0",
      "license": "MIT"
    },
    "node_modules/@types/pad-left": {
      "version": "2.1.1",
      "license": "MIT"
    },
    "node_modules/ansi-styles": {
      "version": "4.3.0",
      "license": "MIT",
      "dependencies": {
        "color-convert": "^2.0.1"
      },
      "engines": {
        "node": ">=8"
      },
      "funding": {
        "url": "https://github.com/chalk/ansi-styles?sponsor=1"
      }
    },
    "node_modules/apache-arrow": {
      "version": "14.0.1",
      "license": "Apache-2.0",
      "dependencies": {
        "@types/command-line-args": "5.2.0",
        "@types/command-line-usage": "5.0.2",
        "@types/node": "20.3.0",
        "@types/pad-left": "2.1.1",
        "command-line-args": "5.2.1",
        "command-line-usage": "7.0.1",
        "flatbuffers": "23.5.26",
        "json-bignum": "^0.0.3",
        "pad-left": "^2.1.0",
        "tslib": "^2.5.3"
      },
      "bin": {
        "arrow2csv": "bin/arrow2csv.js"
      }
    },
    "node_modules/array-back": {
      "version": "3.1.0",
      "license": "MIT",
      "engines": {
        "node": ">=6"
      }
    },
    "node_modules/chalk": {
      "version": "4.1.2",
      "license": "MIT",
      "dependencies": {
        "ansi-styles": "^4.1.0",
        "supports-color": "^7.1.0"
      },
      "engines": {
        "node": ">=10"
      },
      "funding": {
        "url": "https://github.com/chalk/chalk?sponsor=1"
      }
    },
    "node_modules/chalk-template": {
      "version": "0.4.0",
      "license": "MIT",
      "dependencies": {
        "chalk": "^4.1.2"
      },
      "engines": {
        "node": ">=12"
      },
      "funding": {
        "url": "https://github.com/chalk/chalk-template?sponsor=1"
      }
    },
    "node_modules/color-convert": {
      "version": "2.0.1",
      "license": "MIT",
      "dependencies": {
        "color-name": "~1.1.4"
      },
      "engines": {
        "node": ">=7.0.0"
      }
    },
    "node_modules/color-name": {
      "version": "1.1.4",
      "license": "MIT"
    },
    "node_modules/command-line-args": {
      "version": "5.2.1",
      "license": "MIT",
      "dependencies": {
        "array-back": "^3.1.0",
        "find-replace": "^3.0.0",
        "lodash.camelcase": "^4.3.0",
        "typical": "^4.0.0"
      },
      "engines": {
        "node": ">=4.0.0"
      }
    },
    "node_modules/command-line-usage": {
      "version": "7.0.1",
      "license": "MIT",
      "dependencies": {
        "array-back": "^6.2.2",
        "chalk-template": "^0.4.0",
        "table-layout": "^3.0.0",
        "typical": "^7.1.1"
      },
      "engines": {
        "node": ">=12.20.0"
      }
    },
    "node_modules/command-line-usage/node_modules/array-back": {
      "version": "6.2.2",
      "license": "MIT",
      "engines": {
        "node": ">=12.17"
      }
    },
    "node_modules/command-line-usage/node_modules/typical": {
      "version": "7.1.1",
      "license": "MIT",
      "engines": {
        "node": ">=12.17"
      }
    },
    "node_modules/find-replace": {
      "version": "3.0.0",
      "license": "MIT",
      "dependencies": {
        "array-back": "^3.0.1"
      },
      "engines": {
        "node": ">=4.0.0"
      }
    },
    "node_modules/flatbuffers": {
      "version": "23.5.26",
      "license": "SEE LICENSE IN LICENSE"
    },
    "node_modules/has-flag": {
      "version": "4.0.0",
      "license": "MIT",
      "engines": {
        "node": ">=8"
      }
    },
    "node_modules/json-bignum": {
      "version": "0.0.3",
      "engines": {
        "node": ">=0.8"
      }
    },
    "node_modules/lodash.assignwith": {
      "version": "4.2.0",
      "license": "MIT"
    },
    "node_modules/lodash.camelcase": {
      "version": "4.3.0",
      "license": "MIT"
    },
    "node_modules/pad-left": {
      "version": "2.1.0",
      "license": "MIT",
      "dependencies": {
        "repeat-string": "^1.5.4"
      },
      "engines": {
        "node": ">=0.10.0"
      }
    },
    "node_modules/repeat-string": {
      "version": "1.6.1",
      "license": "MIT",
      "engines": {
        "node": ">=0.10"
      }
    },
    "node_modules/stream-read-all": {
      "version": "3.0.1",
      "license": "MIT",
      "engines": {
        "node": ">=10"
      }
    },
    "node_modules/supports-color": {
      "version": "7.2.0",
      "license": "MIT",
      "dependencies": {
        "has-flag": "^4.0.0"
      },
      "engines": {
        "node": ">=8"
      }
    },
    "node_modules/table-layout": {
      "version": "3.0.2",
      "license": "MIT",
      "dependencies": {
        "@75lb/deep-merge": "^1.1.1",
        "array-back": "^6.2.2",
        "command-line-args": "^5.2.1",
        "command-line-usage": "^7.0.0",
        "stream-read-all": "^3.0.1",
        "typical": "^7.1.1",
        "wordwrapjs": "^5.1.0"
      },
      "bin": {
        "table-layout": "bin/cli.js"
      },
      "engines": {
        "node": ">=12.17"
      }
    },
    "node_modules/table-layout/node_modules/array-back": {
      "version": "6.2.2",
      "license": "MIT",
      "engines": {
        "node": ">=12.17"
      }
    },
    "node_modules/table-layout/node_modules/typical": {
      "version": "7.1.1",
      "license": "MIT",
      "engines": {
        "node": ">=12.17"
      }
    },
    "node_modules/tslib": {
      "version": "2.6.2",
      "license": "0BSD"
    },
    "node_modules/typical": {
      "version": "4.0.0",
      "license": "MIT",
      "engines": {
        "node": ">=8"
      }
    },
    "node_modules/wordwrapjs": {
      "version": "5.1.0",
      "license": "MIT",
      "engines": {
        "node": ">=12.17"
      }
    }
  }
}
